
Microsoft Visual Studio Solution File, Format Version 12.00
# Visual Studio Version 17
VisualStudioVersion = 17.0.31903.59
MinimumVisualStudioVersion = 10.0.40219.1
Project("{2150E333-8FDC-42A3-9474-1A3956D46DE8}") = "src", "src", "{A1188AAD-10F9-4F95-B101-DA7F080B29F9}"
EndProject
Project("{F2A71F9B-5D33-465A-A702-920D77279786}") = "Bulletin", "src\Bulletin\Bulletin.fsproj", "{ECA0E128-8D84-4561-94D5-18BACD1207A3}"
EndProject
Project("{2150E333-8FDC-42A3-9474-1A3956D46DE8}") = "tests", "tests", "{D6CB63BA-C0A7-4341-A808-A3F63BAEEFC9}"
EndProject
Project("{F2A71F9B-5D33-465A-A702-920D77279786}") = "Bulletin.Tests", "tests\Bulletin.Tests\Bulletin.Tests.fsproj", "{AAB9E640-4F97-47DC-A79D-C2C37ADEEA44}"
EndProject
Global
	GlobalSection(SolutionConfigurationPlatforms) = preSolution
		Debug|Any CPU = Debug|Any CPU
		Release|Any CPU = Release|Any CPU
	EndGlobalSection
	GlobalSection(SolutionProperties) = preSolution
		HideSolutionNode = FALSE
	EndGlobalSection
	GlobalSection(ProjectConfigurationPlatforms) = postSolution
		{ECA0E128-8D84-4561-94D5-18BACD1207A3}.Debug|Any CPU.ActiveCfg = Debug|Any CPU
		{ECA0E128-8D84-4561-94D5-18BACD1207A3}.Debug|Any CPU.Build.0 = Debug|Any CPU
		{ECA0E128-8D84-4561-94D5-18BACD1207A3}.Release|Any CPU.ActiveCfg = Release|Any CPU
		{ECA0E128-8D84-4561-94D5-18BACD1207A3}.Release|Any CPU.Build.0 = Release|Any CPU
		{AAB9E640-4F97-47DC-A79D-C2C37ADEEA44}.Debug|Any CPU.ActiveCfg = Debug|Any CPU
		{AAB9E640-4F97-47DC-A79D-C2C37ADEEA44}.Debug|Any CPU.Build.0 = Debug|Any CPU
		{AAB9E640-4F97-47DC-A79D-C2C37ADEEA44}.Release|Any CPU.ActiveCfg = Release|Any CPU
		{AAB9E640-4F97-47DC-A79D-C2C37ADEEA44}.Release|Any CPU.Build.0 = Release|Any CPU
	EndGlobalSection
	GlobalSection(NestedProjects) = preSolution
		{ECA0E128-8D84-4561-94D5-18BACD1207A3} = {A1188AAD-10F9-4F95-B101-DA7F080B29F9}
		{AAB9E640-4F97-47DC-A79D-C2C37ADEEA44} = {D6CB63BA-C0A7-4341-A808-A3F63BAEEFC9}
	EndGlobalSection
EndGlobal
