
Microsoft Visual Studio Solution File, Format Version 12.00
# Visual Studio Version 17
VisualStudioVersion = 17.0.31903.59
MinimumVisualStudioVersion = 10.0.40219.1
Project("{2150E333-8FDC-42A3-9474-1A3956D46DE8}") = "src", "src", "{86B9CAED-B6E1-4299-AC3D-F2C5B191E011}"
EndProject
Project("{F2A71F9B-5D33-465A-A702-920D77279786}") = "Client", "src\Client\Client.fsproj", "{F977411B-3E2A-4B90-8ECE-AA5A4E2D4A7D}"
EndProject
Project("{F2A71F9B-5D33-465A-A702-920D77279786}") = "Server", "src\Server\Server.fsproj", "{66D11DFA-0D86-403D-82B2-BEB422D327A0}"
EndProject
Project("{F2A71F9B-5D33-465A-A702-920D77279786}") = "Shared", "src\Shared\Shared.fsproj", "{91C19C21-CE1B-4FED-9004-77C9D0FF2EF7}"
EndProject
Project("{F2A71F9B-5D33-465A-A702-920D77279786}") = "Server.Tests", "tests\Server.Tests\Server.Tests.fsproj", "{2DB9FB48-E2DC-4D1A-A292-D3D990ADBBC1}"
EndProject
Project("{2150E333-8FDC-42A3-9474-1A3956D46DE8}") = "tests", "tests", "{CBE542CA-4F93-414A-A62D-DE4DC2958984}"
EndProject
Global
	GlobalSection(SolutionConfigurationPlatforms) = preSolution
		Debug|Any CPU = Debug|Any CPU
		Release|Any CPU = Release|Any CPU
	EndGlobalSection
	GlobalSection(SolutionProperties) = preSolution
		HideSolutionNode = FALSE
	EndGlobalSection
	GlobalSection(ProjectConfigurationPlatforms) = postSolution
		{F977411B-3E2A-4B90-8ECE-AA5A4E2D4A7D}.Debug|Any CPU.ActiveCfg = Debug|Any CPU
		{F977411B-3E2A-4B90-8ECE-AA5A4E2D4A7D}.Debug|Any CPU.Build.0 = Debug|Any CPU
		{F977411B-3E2A-4B90-8ECE-AA5A4E2D4A7D}.Release|Any CPU.ActiveCfg = Release|Any CPU
		{F977411B-3E2A-4B90-8ECE-AA5A4E2D4A7D}.Release|Any CPU.Build.0 = Release|Any CPU
		{66D11DFA-0D86-403D-82B2-BEB422D327A0}.Debug|Any CPU.ActiveCfg = Debug|Any CPU
		{66D11DFA-0D86-403D-82B2-BEB422D327A0}.Debug|Any CPU.Build.0 = Debug|Any CPU
		{66D11DFA-0D86-403D-82B2-BEB422D327A0}.Release|Any CPU.ActiveCfg = Release|Any CPU
		{66D11DFA-0D86-403D-82B2-BEB422D327A0}.Release|Any CPU.Build.0 = Release|Any CPU
		{91C19C21-CE1B-4FED-9004-77C9D0FF2EF7}.Debug|Any CPU.ActiveCfg = Debug|Any CPU
		{91C19C21-CE1B-4FED-9004-77C9D0FF2EF7}.Debug|Any CPU.Build.0 = Debug|Any CPU
		{91C19C21-CE1B-4FED-9004-77C9D0FF2EF7}.Release|Any CPU.ActiveCfg = Release|Any CPU
		{91C19C21-CE1B-4FED-9004-77C9D0FF2EF7}.Release|Any CPU.Build.0 = Release|Any CPU
		{2DB9FB48-E2DC-4D1A-A292-D3D990ADBBC1}.Debug|Any CPU.ActiveCfg = Debug|Any CPU
		{2DB9FB48-E2DC-4D1A-A292-D3D990ADBBC1}.Debug|Any CPU.Build.0 = Debug|Any CPU
		{2DB9FB48-E2DC-4D1A-A292-D3D990ADBBC1}.Release|Any CPU.ActiveCfg = Release|Any CPU
		{2DB9FB48-E2DC-4D1A-A292-D3D990ADBBC1}.Release|Any CPU.Build.0 = Release|Any CPU
	EndGlobalSection
	GlobalSection(NestedProjects) = preSolution
		{F977411B-3E2A-4B90-8ECE-AA5A4E2D4A7D} = {86B9CAED-B6E1-4299-AC3D-F2C5B191E011}
		{66D11DFA-0D86-403D-82B2-BEB422D327A0} = {86B9CAED-B6E1-4299-AC3D-F2C5B191E011}
		{91C19C21-CE1B-4FED-9004-77C9D0FF2EF7} = {86B9CAED-B6E1-4299-AC3D-F2C5B191E011}
		{2DB9FB48-E2DC-4D1A-A292-D3D990ADBBC1} = {CBE542CA-4F93-414A-A62D-DE4DC2958984}
	EndGlobalSection
EndGlobal
